// !$*UTF8*$!
{
	archiveVersion = 1;
	classes = {
	};
	objectVersion = 54;
	objects = {

/* Begin PBXBuildFile section */
		4503970726FF3C4200BD59C1 /* reminder.swift in Sources */ = {isa = PBXBuildFile; fileRef = 4503970626FF3C4200BD59C1 /* reminder.swift */; };
		4529633926F3BF9B00AE93C9 /* settings_show.swift in Sources */ = {isa = PBXBuildFile; fileRef = 4529633826F3BF9B00AE93C9 /* settings_show.swift */; };
		452EF48126EFA507009F5076 /* WenigZeitApp.swift in Sources */ = {isa = PBXBuildFile; fileRef = 452EF48026EFA507009F5076 /* WenigZeitApp.swift */; };
		452EF48326EFA507009F5076 /* ContentView.swift in Sources */ = {isa = PBXBuildFile; fileRef = 452EF48226EFA507009F5076 /* ContentView.swift */; };
		452EF48526EFA509009F5076 /* Assets.xcassets in Resources */ = {isa = PBXBuildFile; fileRef = 452EF48426EFA509009F5076 /* Assets.xcassets */; };
		452EF48826EFA509009F5076 /* Preview Assets.xcassets in Resources */ = {isa = PBXBuildFile; fileRef = 452EF48726EFA509009F5076 /* Preview Assets.xcassets */; };
		452EF49726EFC872009F5076 /* event.swift in Sources */ = {isa = PBXBuildFile; fileRef = 452EF49626EFC872009F5076 /* event.swift */; };
		452EF49A26EFC8CE009F5076 /* events_list.swift in Sources */ = {isa = PBXBuildFile; fileRef = 452EF49926EFC8CE009F5076 /* events_list.swift */; };
		452EF49D26EFDA45009F5076 /* calendars_list.swift in Sources */ = {isa = PBXBuildFile; fileRef = 452EF49C26EFDA45009F5076 /* calendars_list.swift */; };
		452EF49F26EFDBB4009F5076 /* context.swift in Sources */ = {isa = PBXBuildFile; fileRef = 452EF49E26EFDBB4009F5076 /* context.swift */; };
		455CE59026F74F52006B0933 /* about_show.swift in Sources */ = {isa = PBXBuildFile; fileRef = 455CE58F26F74F52006B0933 /* about_show.swift */; };
		455CE59526F79C4D006B0933 /* routine.swift in Sources */ = {isa = PBXBuildFile; fileRef = 455CE59426F79C4D006B0933 /* routine.swift */; };
		455CE59826F7CCBA006B0933 /* routines_list.swift in Sources */ = {isa = PBXBuildFile; fileRef = 455CE59726F7CCBA006B0933 /* routines_list.swift */; };
		455CE59A26F7CE7A006B0933 /* routine_create.swift in Sources */ = {isa = PBXBuildFile; fileRef = 455CE59926F7CE7A006B0933 /* routine_create.swift */; };
/* End PBXBuildFile section */

/* Begin PBXFileReference section */
		4503970626FF3C4200BD59C1 /* reminder.swift */ = {isa = PBXFileReference; lastKnownFileType = sourcecode.swift; path = reminder.swift; sourceTree = "<group>"; };
		4529633826F3BF9B00AE93C9 /* settings_show.swift */ = {isa = PBXFileReference; lastKnownFileType = sourcecode.swift; path = settings_show.swift; sourceTree = "<group>"; };
		452EF47D26EFA507009F5076 /* WenigZeit.app */ = {isa = PBXFileReference; explicitFileType = wrapper.application; includeInIndex = 0; path = WenigZeit.app; sourceTree = BUILT_PRODUCTS_DIR; };
		452EF48026EFA507009F5076 /* WenigZeitApp.swift */ = {isa = PBXFileReference; lastKnownFileType = sourcecode.swift; path = WenigZeitApp.swift; sourceTree = "<group>"; };
		452EF48226EFA507009F5076 /* ContentView.swift */ = {isa = PBXFileReference; lastKnownFileType = sourcecode.swift; path = ContentView.swift; sourceTree = "<group>"; };
		452EF48426EFA509009F5076 /* Assets.xcassets */ = {isa = PBXFileReference; lastKnownFileType = folder.assetcatalog; path = Assets.xcassets; sourceTree = "<group>"; };
		452EF48726EFA509009F5076 /* Preview Assets.xcassets */ = {isa = PBXFileReference; lastKnownFileType = folder.assetcatalog; path = "Preview Assets.xcassets"; sourceTree = "<group>"; };
		452EF48926EFA509009F5076 /* Info.plist */ = {isa = PBXFileReference; lastKnownFileType = text.plist.xml; path = Info.plist; sourceTree = "<group>"; };
		452EF48F26EFA512009F5076 /* WenigZeit.entitlements */ = {isa = PBXFileReference; lastKnownFileType = text.plist.entitlements; path = WenigZeit.entitlements; sourceTree = "<group>"; };
		452EF49426EFA881009F5076 /* README.md */ = {isa = PBXFileReference; lastKnownFileType = net.daringfireball.markdown; path = README.md; sourceTree = "<group>"; };
		452EF49626EFC872009F5076 /* event.swift */ = {isa = PBXFileReference; lastKnownFileType = sourcecode.swift; path = event.swift; sourceTree = "<group>"; };
		452EF49926EFC8CE009F5076 /* events_list.swift */ = {isa = PBXFileReference; lastKnownFileType = sourcecode.swift; path = events_list.swift; sourceTree = "<group>"; };
		452EF49C26EFDA45009F5076 /* calendars_list.swift */ = {isa = PBXFileReference; lastKnownFileType = sourcecode.swift; path = calendars_list.swift; sourceTree = "<group>"; };
		452EF49E26EFDBB4009F5076 /* context.swift */ = {isa = PBXFileReference; lastKnownFileType = sourcecode.swift; path = context.swift; sourceTree = "<group>"; };
		455CE58F26F74F52006B0933 /* about_show.swift */ = {isa = PBXFileReference; lastKnownFileType = sourcecode.swift; path = about_show.swift; sourceTree = "<group>"; };
		455CE59426F79C4D006B0933 /* routine.swift */ = {isa = PBXFileReference; lastKnownFileType = sourcecode.swift; path = routine.swift; sourceTree = "<group>"; };
		455CE59726F7CCBA006B0933 /* routines_list.swift */ = {isa = PBXFileReference; lastKnownFileType = sourcecode.swift; path = routines_list.swift; sourceTree = "<group>"; };
		455CE59926F7CE7A006B0933 /* routine_create.swift */ = {isa = PBXFileReference; lastKnownFileType = sourcecode.swift; path = routine_create.swift; sourceTree = "<group>"; };
/* End PBXFileReference section */

/* Begin PBXFrameworksBuildPhase section */
		452EF47A26EFA507009F5076 /* Frameworks */ = {
			isa = PBXFrameworksBuildPhase;
			buildActionMask = 2147483647;
			files = (
			);
			runOnlyForDeploymentPostprocessing = 0;
		};
/* End PBXFrameworksBuildPhase section */

/* Begin PBXGroup section */
		4529633726F3BF8000AE93C9 /* settings */ = {
			isa = PBXGroup;
			children = (
				4529633826F3BF9B00AE93C9 /* settings_show.swift */,
			);
			path = settings;
			sourceTree = "<group>";
		};
		452EF47426EFA507009F5076 = {
			isa = PBXGroup;
			children = (
				452EF49426EFA881009F5076 /* README.md */,
				452EF47F26EFA507009F5076 /* WenigZeit */,
				452EF47E26EFA507009F5076 /* Products */,
			);
			sourceTree = "<group>";
		};
		452EF47E26EFA507009F5076 /* Products */ = {
			isa = PBXGroup;
			children = (
				452EF47D26EFA507009F5076 /* WenigZeit.app */,
			);
			name = Products;
			sourceTree = "<group>";
		};
		452EF47F26EFA507009F5076 /* WenigZeit */ = {
			isa = PBXGroup;
			children = (
				455CE59126F7723A006B0933 /* helpers */,
				452EF48026EFA507009F5076 /* WenigZeitApp.swift */,
				452EF49526EFB211009F5076 /* assets */,
				452EF49326EFA702009F5076 /* layouts */,
				452EF49126EFA6AF009F5076 /* models */,
				452EF49226EFA6E2009F5076 /* stores */,
				452EF49026EFA61B009F5076 /* views */,
				452EF48426EFA509009F5076 /* Assets.xcassets */,
				452EF48926EFA509009F5076 /* Info.plist */,
				452EF48626EFA509009F5076 /* Preview Content */,
				452EF48F26EFA512009F5076 /* WenigZeit.entitlements */,
			);
			path = WenigZeit;
			sourceTree = "<group>";
		};
		452EF48626EFA509009F5076 /* Preview Content */ = {
			isa = PBXGroup;
			children = (
				452EF48726EFA509009F5076 /* Preview Assets.xcassets */,
			);
			path = "Preview Content";
			sourceTree = "<group>";
		};
		452EF49026EFA61B009F5076 /* views */ = {
			isa = PBXGroup;
			children = (
				455CE59626F7CC9E006B0933 /* routines */,
				455CE58E26F74F43006B0933 /* about */,
				4529633726F3BF8000AE93C9 /* settings */,
				452EF49B26EFDA1E009F5076 /* calendars */,
				452EF49826EFC8AF009F5076 /* events */,
			);
			path = views;
			sourceTree = "<group>";
		};
		452EF49126EFA6AF009F5076 /* models */ = {
			isa = PBXGroup;
			children = (
				452EF49626EFC872009F5076 /* event.swift */,
				455CE59426F79C4D006B0933 /* routine.swift */,
				4503970626FF3C4200BD59C1 /* reminder.swift */,
			);
			path = models;
			sourceTree = "<group>";
		};
		452EF49226EFA6E2009F5076 /* stores */ = {
			isa = PBXGroup;
			children = (
				452EF49E26EFDBB4009F5076 /* context.swift */,
			);
			path = stores;
			sourceTree = "<group>";
		};
		452EF49326EFA702009F5076 /* layouts */ = {
			isa = PBXGroup;
			children = (
				452EF48226EFA507009F5076 /* ContentView.swift */,
			);
			path = layouts;
			sourceTree = "<group>";
		};
		452EF49526EFB211009F5076 /* assets */ = {
			isa = PBXGroup;
			children = (
			);
			path = assets;
			sourceTree = "<group>";
		};
		452EF49826EFC8AF009F5076 /* events */ = {
			isa = PBXGroup;
			children = (
				452EF49926EFC8CE009F5076 /* events_list.swift */,
			);
			path = events;
			sourceTree = "<group>";
		};
		452EF49B26EFDA1E009F5076 /* calendars */ = {
			isa = PBXGroup;
			children = (
				452EF49C26EFDA45009F5076 /* calendars_list.swift */,
			);
			path = calendars;
			sourceTree = "<group>";
		};
		455CE58E26F74F43006B0933 /* about */ = {
			isa = PBXGroup;
			children = (
				455CE58F26F74F52006B0933 /* about_show.swift */,
			);
			path = about;
			sourceTree = "<group>";
		};
		455CE59126F7723A006B0933 /* helpers */ = {
			isa = PBXGroup;
			children = (
			);
			path = helpers;
			sourceTree = "<group>";
		};
		455CE59626F7CC9E006B0933 /* routines */ = {
			isa = PBXGroup;
			children = (
				455CE59726F7CCBA006B0933 /* routines_list.swift */,
				455CE59926F7CE7A006B0933 /* routine_create.swift */,
			);
			path = routines;
			sourceTree = "<group>";
		};
/* End PBXGroup section */

/* Begin PBXNativeTarget section */
		452EF47C26EFA507009F5076 /* WenigZeit */ = {
			isa = PBXNativeTarget;
			buildConfigurationList = 452EF48C26EFA509009F5076 /* Build configuration list for PBXNativeTarget "WenigZeit" */;
			buildPhases = (
				452EF47926EFA507009F5076 /* Sources */,
				452EF47A26EFA507009F5076 /* Frameworks */,
				452EF47B26EFA507009F5076 /* Resources */,
			);
			buildRules = (
			);
			dependencies = (
			);
			name = WenigZeit;
			productName = WenigZeit;
			productReference = 452EF47D26EFA507009F5076 /* WenigZeit.app */;
			productType = "com.apple.product-type.application";
		};
/* End PBXNativeTarget section */

/* Begin PBXProject section */
		452EF47526EFA507009F5076 /* Project object */ = {
			isa = PBXProject;
			attributes = {
				LastSwiftUpdateCheck = 1250;
				LastUpgradeCheck = 1250;
				TargetAttributes = {
					452EF47C26EFA507009F5076 = {
						CreatedOnToolsVersion = 12.5.1;
					};
				};
			};
			buildConfigurationList = 452EF47826EFA507009F5076 /* Build configuration list for PBXProject "WenigZeit" */;
			compatibilityVersion = "Xcode 12.0";
			developmentRegion = en;
			hasScannedForEncodings = 0;
			knownRegions = (
				en,
				Base,
			);
			mainGroup = 452EF47426EFA507009F5076;
			productRefGroup = 452EF47E26EFA507009F5076 /* Products */;
			projectDirPath = "";
			projectRoot = "";
			targets = (
				452EF47C26EFA507009F5076 /* WenigZeit */,
			);
		};
/* End PBXProject section */

/* Begin PBXResourcesBuildPhase section */
		452EF47B26EFA507009F5076 /* Resources */ = {
			isa = PBXResourcesBuildPhase;
			buildActionMask = 2147483647;
			files = (
				452EF48826EFA509009F5076 /* Preview Assets.xcassets in Resources */,
				452EF48526EFA509009F5076 /* Assets.xcassets in Resources */,
			);
			runOnlyForDeploymentPostprocessing = 0;
		};
/* End PBXResourcesBuildPhase section */

/* Begin PBXSourcesBuildPhase section */
		452EF47926EFA507009F5076 /* Sources */ = {
			isa = PBXSourcesBuildPhase;
			buildActionMask = 2147483647;
			files = (
				455CE59526F79C4D006B0933 /* routine.swift in Sources */,
				452EF49A26EFC8CE009F5076 /* events_list.swift in Sources */,
				455CE59826F7CCBA006B0933 /* routines_list.swift in Sources */,
				452EF49F26EFDBB4009F5076 /* context.swift in Sources */,
				452EF49D26EFDA45009F5076 /* calendars_list.swift in Sources */,
				452EF48326EFA507009F5076 /* ContentView.swift in Sources */,
				455CE59A26F7CE7A006B0933 /* routine_create.swift in Sources */,
				452EF48126EFA507009F5076 /* WenigZeitApp.swift in Sources */,
				4529633926F3BF9B00AE93C9 /* settings_show.swift in Sources */,
				455CE59026F74F52006B0933 /* about_show.swift in Sources */,
				452EF49726EFC872009F5076 /* event.swift in Sources */,
				4503970726FF3C4200BD59C1 /* reminder.swift in Sources */,
			);
			runOnlyForDeploymentPostprocessing = 0;
		};
/* End PBXSourcesBuildPhase section */

/* Begin XCBuildConfiguration section */
		452EF48A26EFA509009F5076 /* Debug */ = {
			isa = XCBuildConfiguration;
			buildSettings = {
				ALWAYS_SEARCH_USER_PATHS = NO;
				CLANG_ANALYZER_NONNULL = YES;
				CLANG_ANALYZER_NUMBER_OBJECT_CONVERSION = YES_AGGRESSIVE;
				CLANG_CXX_LANGUAGE_STANDARD = "gnu++14";
				CLANG_CXX_LIBRARY = "libc++";
				CLANG_ENABLE_MODULES = YES;
				CLANG_ENABLE_OBJC_ARC = YES;
				CLANG_ENABLE_OBJC_WEAK = YES;
				CLANG_WARN_BLOCK_CAPTURE_AUTORELEASING = YES;
				CLANG_WARN_BOOL_CONVERSION = YES;
				CLANG_WARN_COMMA = YES;
				CLANG_WARN_CONSTANT_CONVERSION = YES;
				CLANG_WARN_DEPRECATED_OBJC_IMPLEMENTATIONS = YES;
				CLANG_WARN_DIRECT_OBJC_ISA_USAGE = YES_ERROR;
				CLANG_WARN_DOCUMENTATION_COMMENTS = YES;
				CLANG_WARN_EMPTY_BODY = YES;
				CLANG_WARN_ENUM_CONVERSION = YES;
				CLANG_WARN_INFINITE_RECURSION = YES;
				CLANG_WARN_INT_CONVERSION = YES;
				CLANG_WARN_NON_LITERAL_NULL_CONVERSION = YES;
				CLANG_WARN_OBJC_IMPLICIT_RETAIN_SELF = YES;
				CLANG_WARN_OBJC_LITERAL_CONVERSION = YES;
				CLANG_WARN_OBJC_ROOT_CLASS = YES_ERROR;
				CLANG_WARN_QUOTED_INCLUDE_IN_FRAMEWORK_HEADER = YES;
				CLANG_WARN_RANGE_LOOP_ANALYSIS = YES;
				CLANG_WARN_STRICT_PROTOTYPES = YES;
				CLANG_WARN_SUSPICIOUS_MOVE = YES;
				CLANG_WARN_UNGUARDED_AVAILABILITY = YES_AGGRESSIVE;
				CLANG_WARN_UNREACHABLE_CODE = YES;
				CLANG_WARN__DUPLICATE_METHOD_MATCH = YES;
				COPY_PHASE_STRIP = NO;
				DEBUG_INFORMATION_FORMAT = dwarf;
				ENABLE_STRICT_OBJC_MSGSEND = YES;
				ENABLE_TESTABILITY = YES;
				GCC_C_LANGUAGE_STANDARD = gnu11;
				GCC_DYNAMIC_NO_PIC = NO;
				GCC_NO_COMMON_BLOCKS = YES;
				GCC_OPTIMIZATION_LEVEL = 0;
				GCC_PREPROCESSOR_DEFINITIONS = (
					"DEBUG=1",
					"$(inherited)",
				);
				GCC_WARN_64_TO_32_BIT_CONVERSION = YES;
				GCC_WARN_ABOUT_RETURN_TYPE = YES_ERROR;
				GCC_WARN_UNDECLARED_SELECTOR = YES;
				GCC_WARN_UNINITIALIZED_AUTOS = YES_AGGRESSIVE;
				GCC_WARN_UNUSED_FUNCTION = YES;
				GCC_WARN_UNUSED_VARIABLE = YES;
				IPHONEOS_DEPLOYMENT_TARGET = 15.0;
				MTL_ENABLE_DEBUG_INFO = INCLUDE_SOURCE;
				MTL_FAST_MATH = YES;
				ONLY_ACTIVE_ARCH = YES;
				SDKROOT = iphoneos;
				SWIFT_ACTIVE_COMPILATION_CONDITIONS = DEBUG;
				SWIFT_OPTIMIZATION_LEVEL = "-Onone";
			};
			name = Debug;
		};
		452EF48B26EFA509009F5076 /* Release */ = {
			isa = XCBuildConfiguration;
			buildSettings = {
				ALWAYS_SEARCH_USER_PATHS = NO;
				CLANG_ANALYZER_NONNULL = YES;
				CLANG_ANALYZER_NUMBER_OBJECT_CONVERSION = YES_AGGRESSIVE;
				CLANG_CXX_LANGUAGE_STANDARD = "gnu++14";
				CLANG_CXX_LIBRARY = "libc++";
				CLANG_ENABLE_MODULES = YES;
				CLANG_ENABLE_OBJC_ARC = YES;
				CLANG_ENABLE_OBJC_WEAK = YES;
				CLANG_WARN_BLOCK_CAPTURE_AUTORELEASING = YES;
				CLANG_WARN_BOOL_CONVERSION = YES;
				CLANG_WARN_COMMA = YES;
				CLANG_WARN_CONSTANT_CONVERSION = YES;
				CLANG_WARN_DEPRECATED_OBJC_IMPLEMENTATIONS = YES;
				CLANG_WARN_DIRECT_OBJC_ISA_USAGE = YES_ERROR;
				CLANG_WARN_DOCUMENTATION_COMMENTS = YES;
				CLANG_WARN_EMPTY_BODY = YES;
				CLANG_WARN_ENUM_CONVERSION = YES;
				CLANG_WARN_INFINITE_RECURSION = YES;
				CLANG_WARN_INT_CONVERSION = YES;
				CLANG_WARN_NON_LITERAL_NULL_CONVERSION = YES;
				CLANG_WARN_OBJC_IMPLICIT_RETAIN_SELF = YES;
				CLANG_WARN_OBJC_LITERAL_CONVERSION = YES;
				CLANG_WARN_OBJC_ROOT_CLASS = YES_ERROR;
				CLANG_WARN_QUOTED_INCLUDE_IN_FRAMEWORK_HEADER = YES;
				CLANG_WARN_RANGE_LOOP_ANALYSIS = YES;
				CLANG_WARN_STRICT_PROTOTYPES = YES;
				CLANG_WARN_SUSPICIOUS_MOVE = YES;
				CLANG_WARN_UNGUARDED_AVAILABILITY = YES_AGGRESSIVE;
				CLANG_WARN_UNREACHABLE_CODE = YES;
				CLANG_WARN__DUPLICATE_METHOD_MATCH = YES;
				COPY_PHASE_STRIP = NO;
				DEBUG_INFORMATION_FORMAT = "dwarf-with-dsym";
				ENABLE_NS_ASSERTIONS = NO;
				ENABLE_STRICT_OBJC_MSGSEND = YES;
				GCC_C_LANGUAGE_STANDARD = gnu11;
				GCC_NO_COMMON_BLOCKS = YES;
				GCC_WARN_64_TO_32_BIT_CONVERSION = YES;
				GCC_WARN_ABOUT_RETURN_TYPE = YES_ERROR;
				GCC_WARN_UNDECLARED_SELECTOR = YES;
				GCC_WARN_UNINITIALIZED_AUTOS = YES_AGGRESSIVE;
				GCC_WARN_UNUSED_FUNCTION = YES;
				GCC_WARN_UNUSED_VARIABLE = YES;
				IPHONEOS_DEPLOYMENT_TARGET = 15.0;
				MTL_ENABLE_DEBUG_INFO = NO;
				MTL_FAST_MATH = YES;
				SDKROOT = iphoneos;
				SWIFT_COMPILATION_MODE = wholemodule;
				SWIFT_OPTIMIZATION_LEVEL = "-O";
				VALIDATE_PRODUCT = YES;
			};
			name = Release;
		};
		452EF48D26EFA509009F5076 /* Debug */ = {
			isa = XCBuildConfiguration;
			buildSettings = {
				ASSETCATALOG_COMPILER_APPICON_NAME = AppIcon;
				ASSETCATALOG_COMPILER_GLOBAL_ACCENT_COLOR_NAME = AccentColor;
				CODE_SIGN_ENTITLEMENTS = WenigZeit/WenigZeit.entitlements;
				"CODE_SIGN_IDENTITY[sdk=macosx*]" = "-";
				CODE_SIGN_STYLE = Automatic;
				DEVELOPMENT_ASSET_PATHS = "\"WenigZeit/Preview Content\"";
				DEVELOPMENT_TEAM = 8QB9R6NWL4;
				ENABLE_PREVIEWS = YES;
				INFOPLIST_FILE = WenigZeit/Info.plist;
				IPHONEOS_DEPLOYMENT_TARGET = 15.0;
				LD_RUNPATH_SEARCH_PATHS = (
					"$(inherited)",
					"@executable_path/Frameworks",
				);
				MARKETING_VERSION = 0.0.1;
				PRODUCT_BUNDLE_IDENTIFIER = com.miry.wenigzeit;
				PRODUCT_NAME = "$(TARGET_NAME)";
				SUPPORTS_MACCATALYST = YES;
				SUPPORTS_MAC_DESIGNED_FOR_IPHONE_IPAD = YES;
				SWIFT_VERSION = 5.0;
				TARGETED_DEVICE_FAMILY = "1,2";
			};
			name = Debug;
		};
		452EF48E26EFA509009F5076 /* Release */ = {
			isa = XCBuildConfiguration;
			buildSettings = {
				ASSETCATALOG_COMPILER_APPICON_NAME = AppIcon;
				ASSETCATALOG_COMPILER_GLOBAL_ACCENT_COLOR_NAME = AccentColor;
				CODE_SIGN_ENTITLEMENTS = WenigZeit/WenigZeit.entitlements;
				"CODE_SIGN_IDENTITY[sdk=macosx*]" = "-";
				CODE_SIGN_STYLE = Automatic;
				DEVELOPMENT_ASSET_PATHS = "\"WenigZeit/Preview Content\"";
				DEVELOPMENT_TEAM = 8QB9R6NWL4;
				ENABLE_PREVIEWS = YES;
				INFOPLIST_FILE = WenigZeit/Info.plist;
				IPHONEOS_DEPLOYMENT_TARGET = 15.0;
				LD_RUNPATH_SEARCH_PATHS = (
					"$(inherited)",
					"@executable_path/Frameworks",
				);
				MARKETING_VERSION = 0.0.1;
				PRODUCT_BUNDLE_IDENTIFIER = com.miry.wenigzeit;
				PRODUCT_NAME = "$(TARGET_NAME)";
				SUPPORTS_MACCATALYST = YES;
				SUPPORTS_MAC_DESIGNED_FOR_IPHONE_IPAD = YES;
				SWIFT_VERSION = 5.0;
				TARGETED_DEVICE_FAMILY = "1,2";
			};
			name = Release;
		};
/* End XCBuildConfiguration section */

/* Begin XCConfigurationList section */
		452EF47826EFA507009F5076 /* Build configuration list for PBXProject "WenigZeit" */ = {
			isa = XCConfigurationList;
			buildConfigurations = (
				452EF48A26EFA509009F5076 /* Debug */,
				452EF48B26EFA509009F5076 /* Release */,
			);
			defaultConfigurationIsVisible = 0;
			defaultConfigurationName = Release;
		};
		452EF48C26EFA509009F5076 /* Build configuration list for PBXNativeTarget "WenigZeit" */ = {
			isa = XCConfigurationList;
			buildConfigurations = (
				452EF48D26EFA509009F5076 /* Debug */,
				452EF48E26EFA509009F5076 /* Release */,
			);
			defaultConfigurationIsVisible = 0;
			defaultConfigurationName = Release;
		};
/* End XCConfigurationList section */
	};
	rootObject = 452EF47526EFA507009F5076 /* Project object */;
}
