version: 2.0
shards:
  csuuid:
    git: https://github.com/wyhaines/csuuid.cr.git
    version: 1.0.0+git.commit.812ee5e1252b27ee2895ec7897094cde3e4a5dc2

  db:
    git: https://github.com/crystal-lang/crystal-db.git
    version: 0.11.0

  nbchannel:
    git: https://github.com/wyhaines/nbchannel.cr.git
    version: 0.1.0+git.commit.ea6517a837270361695244d14c4b03d84660f113

  opentelemetry-api:
    git: https://github.com/wyhaines/opentelemetry-api.cr.git
    version: 0.3.4

  parse_date:
    git: https://github.com/wyhaines/parsedate.cr.git
    version: 0.1.2

  protobuf:
    git: https://github.com/jeromegn/protobuf.cr.git
    version: 2.2.3

  retriable:
    git: https://github.com/sija/retriable.cr.git
    version: 0.2.4

  splay_tree_map:
    git: https://github.com/wyhaines/splay_tree_map.cr.git
    version: 0.2.2

  time-ext:
    git: https://github.com/wyhaines/time-ext.cr.git
    version: 0.1.0+git.commit.175f658235fb6cdc9c804cb96da510fec27f4cd6

